
Microsoft Visual Studio Solution File, Format Version 12.00
# Visual Studio Version 17
VisualStudioVersion = 17.14.36623.8 d17.14
MinimumVisualStudioVersion = 10.0.40219.1
Project("{FAE04EC0-301F-11D3-BF4B-00C04F79EFBC}") = "BookBarn2", "BookBarn2.csproj", "{0BE768BF-47DB-44EB-9A0E-DA20806ACE66}"
EndProject
Global
	GlobalSection(SolutionConfigurationPlatforms) = preSolution
		Debug|Any CPU = Debug|Any CPU
		Release|Any CPU = Release|Any CPU
	EndGlobalSection
	GlobalSection(ProjectConfigurationPlatforms) = postSolution
		{0BE768BF-47DB-44EB-9A0E-DA20806ACE66}.Debug|Any CPU.ActiveCfg = Debug|Any CPU
		{0BE768BF-47DB-44EB-9A0E-DA20806ACE66}.Debug|Any CPU.Build.0 = Debug|Any CPU
		{0BE768BF-47DB-44EB-9A0E-DA20806ACE66}.Release|Any CPU.ActiveCfg = Release|Any CPU
		{0BE768BF-47DB-44EB-9A0E-DA20806ACE66}.Release|Any CPU.Build.0 = Release|Any CPU
	EndGlobalSection
	GlobalSection(SolutionProperties) = preSolution
		HideSolutionNode = FALSE
	EndGlobalSection
	GlobalSection(ExtensibilityGlobals) = postSolution
		SolutionGuid = {DD73D867-A452-42F4-9072-C1AB72F40D14}
	EndGlobalSection
EndGlobal
